
Microsoft Visual Studio Solution File, Format Version 12.00
# Visual Studio Version 17
VisualStudioVersion = 17.7.34003.232
MinimumVisualStudioVersion = 10.0.40219.1
Project("{FAE04EC0-301F-11D3-BF4B-00C04F79EFBC}") = "backend", "backend.csproj", "{38F68E22-0263-4D08-8503-A264EEF7FECC}"
EndProject
Global
	GlobalSection(SolutionConfigurationPlatforms) = preSolution
		Debug|Any CPU = Debug|Any CPU
		Release|Any CPU = Release|Any CPU
	EndGlobalSection
	GlobalSection(ProjectConfigurationPlatforms) = postSolution
		{38F68E22-0263-4D08-8503-A264EEF7FECC}.Debug|Any CPU.ActiveCfg = Debug|Any CPU
		{38F68E22-0263-4D08-8503-A264EEF7FECC}.Debug|Any CPU.Build.0 = Debug|Any CPU
		{38F68E22-0263-4D08-8503-A264EEF7FECC}.Release|Any CPU.ActiveCfg = Release|Any CPU
		{38F68E22-0263-4D08-8503-A264EEF7FECC}.Release|Any CPU.Build.0 = Release|Any CPU
	EndGlobalSection
	GlobalSection(SolutionProperties) = preSolution
		HideSolutionNode = FALSE
	EndGlobalSection
	GlobalSection(ExtensibilityGlobals) = postSolution
		SolutionGuid = {7408137B-20D5-4FAC-A8E7-90F72A033703}
	EndGlobalSection
EndGlobal
